
Microsoft Visual Studio Solution File, Format Version 12.00
# Visual Studio Version 16
VisualStudioVersion = 16.0.29519.87
MinimumVisualStudioVersion = 10.0.40219.1
Project("{FAE04EC0-301F-11D3-BF4B-00C04F79EFBC}") = "virsta_roxana_mirabela_lab6.Android", "virsta_roxana_mirabela_lab6.Android\virsta_roxana_mirabela_lab6.Android.csproj", "{9967D784-ADE5-47ED-8B81-6AFB428B3FCB}"
EndProject
Project("{FAE04EC0-301F-11D3-BF4B-00C04F79EFBC}") = "virsta_roxana_mirabela_lab6.iOS", "virsta_roxana_mirabela_lab6.iOS\virsta_roxana_mirabela_lab6.iOS.csproj", "{E98A66E9-1C5C-49BC-8247-BCCDBD190C3B}"
EndProject
Project("{FAE04EC0-301F-11D3-BF4B-00C04F79EFBC}") = "virsta_roxana_mirabela_lab6", "virsta_roxana_mirabela_lab6\virsta_roxana_mirabela_lab6.csproj", "{1959ACC2-DEA2-456C-94A9-DE4026954D10}"
EndProject
Global
	GlobalSection(SolutionConfigurationPlatforms) = preSolution
		Debug|Any CPU = Debug|Any CPU
		Debug|iPhone = Debug|iPhone
		Debug|iPhoneSimulator = Debug|iPhoneSimulator
		Release|Any CPU = Release|Any CPU
		Release|iPhone = Release|iPhone
		Release|iPhoneSimulator = Release|iPhoneSimulator
	EndGlobalSection
	GlobalSection(ProjectConfigurationPlatforms) = postSolution
		{9967D784-ADE5-47ED-8B81-6AFB428B3FCB}.Debug|Any CPU.ActiveCfg = Debug|Any CPU
		{9967D784-ADE5-47ED-8B81-6AFB428B3FCB}.Debug|Any CPU.Build.0 = Debug|Any CPU
		{9967D784-ADE5-47ED-8B81-6AFB428B3FCB}.Debug|Any CPU.Deploy.0 = Debug|Any CPU
		{9967D784-ADE5-47ED-8B81-6AFB428B3FCB}.Debug|iPhone.ActiveCfg = Debug|Any CPU
		{9967D784-ADE5-47ED-8B81-6AFB428B3FCB}.Debug|iPhone.Build.0 = Debug|Any CPU
		{9967D784-ADE5-47ED-8B81-6AFB428B3FCB}.Debug|iPhone.Deploy.0 = Debug|Any CPU
		{9967D784-ADE5-47ED-8B81-6AFB428B3FCB}.Debug|iPhoneSimulator.ActiveCfg = Debug|Any CPU
		{9967D784-ADE5-47ED-8B81-6AFB428B3FCB}.Debug|iPhoneSimulator.Build.0 = Debug|Any CPU
		{9967D784-ADE5-47ED-8B81-6AFB428B3FCB}.Debug|iPhoneSimulator.Deploy.0 = Debug|Any CPU
		{9967D784-ADE5-47ED-8B81-6AFB428B3FCB}.Release|Any CPU.ActiveCfg = Release|Any CPU
		{9967D784-ADE5-47ED-8B81-6AFB428B3FCB}.Release|Any CPU.Build.0 = Release|Any CPU
		{9967D784-ADE5-47ED-8B81-6AFB428B3FCB}.Release|Any CPU.Deploy.0 = Release|Any CPU
		{9967D784-ADE5-47ED-8B81-6AFB428B3FCB}.Release|iPhone.ActiveCfg = Release|Any CPU
		{9967D784-ADE5-47ED-8B81-6AFB428B3FCB}.Release|iPhone.Build.0 = Release|Any CPU
		{9967D784-ADE5-47ED-8B81-6AFB428B3FCB}.Release|iPhone.Deploy.0 = Release|Any CPU
		{9967D784-ADE5-47ED-8B81-6AFB428B3FCB}.Release|iPhoneSimulator.ActiveCfg = Release|Any CPU
		{9967D784-ADE5-47ED-8B81-6AFB428B3FCB}.Release|iPhoneSimulator.Build.0 = Release|Any CPU
		{9967D784-ADE5-47ED-8B81-6AFB428B3FCB}.Release|iPhoneSimulator.Deploy.0 = Release|Any CPU
		{E98A66E9-1C5C-49BC-8247-BCCDBD190C3B}.Debug|Any CPU.ActiveCfg = Debug|iPhoneSimulator
		{E98A66E9-1C5C-49BC-8247-BCCDBD190C3B}.Debug|Any CPU.Build.0 = Debug|iPhoneSimulator
		{E98A66E9-1C5C-49BC-8247-BCCDBD190C3B}.Debug|Any CPU.Deploy.0 = Debug|iPhoneSimulator
		{E98A66E9-1C5C-49BC-8247-BCCDBD190C3B}.Debug|iPhone.ActiveCfg = Debug|iPhone
		{E98A66E9-1C5C-49BC-8247-BCCDBD190C3B}.Debug|iPhone.Build.0 = Debug|iPhone
		{E98A66E9-1C5C-49BC-8247-BCCDBD190C3B}.Debug|iPhone.Deploy.0 = Debug|iPhone
		{E98A66E9-1C5C-49BC-8247-BCCDBD190C3B}.Debug|iPhoneSimulator.ActiveCfg = Debug|iPhoneSimulator
		{E98A66E9-1C5C-49BC-8247-BCCDBD190C3B}.Debug|iPhoneSimulator.Build.0 = Debug|iPhoneSimulator
		{E98A66E9-1C5C-49BC-8247-BCCDBD190C3B}.Debug|iPhoneSimulator.Deploy.0 = Debug|iPhoneSimulator
		{E98A66E9-1C5C-49BC-8247-BCCDBD190C3B}.Release|Any CPU.ActiveCfg = Release|iPhone
		{E98A66E9-1C5C-49BC-8247-BCCDBD190C3B}.Release|Any CPU.Build.0 = Release|iPhone
		{E98A66E9-1C5C-49BC-8247-BCCDBD190C3B}.Release|Any CPU.Deploy.0 = Release|iPhone
		{E98A66E9-1C5C-49BC-8247-BCCDBD190C3B}.Release|iPhone.ActiveCfg = Release|iPhone
		{E98A66E9-1C5C-49BC-8247-BCCDBD190C3B}.Release|iPhone.Build.0 = Release|iPhone
		{E98A66E9-1C5C-49BC-8247-BCCDBD190C3B}.Release|iPhone.Deploy.0 = Release|iPhone
		{E98A66E9-1C5C-49BC-8247-BCCDBD190C3B}.Release|iPhoneSimulator.ActiveCfg = Release|iPhoneSimulator
		{E98A66E9-1C5C-49BC-8247-BCCDBD190C3B}.Release|iPhoneSimulator.Build.0 = Release|iPhoneSimulator
		{E98A66E9-1C5C-49BC-8247-BCCDBD190C3B}.Release|iPhoneSimulator.Deploy.0 = Release|iPhoneSimulator
		{1959ACC2-DEA2-456C-94A9-DE4026954D10}.Debug|Any CPU.ActiveCfg = Debug|Any CPU
		{1959ACC2-DEA2-456C-94A9-DE4026954D10}.Debug|Any CPU.Build.0 = Debug|Any CPU
		{1959ACC2-DEA2-456C-94A9-DE4026954D10}.Debug|Any CPU.Deploy.0 = Debug|Any CPU
		{1959ACC2-DEA2-456C-94A9-DE4026954D10}.Debug|iPhone.ActiveCfg = Debug|Any CPU
		{1959ACC2-DEA2-456C-94A9-DE4026954D10}.Debug|iPhone.Build.0 = Debug|Any CPU
		{1959ACC2-DEA2-456C-94A9-DE4026954D10}.Debug|iPhone.Deploy.0 = Debug|Any CPU
		{1959ACC2-DEA2-456C-94A9-DE4026954D10}.Debug|iPhoneSimulator.ActiveCfg = Debug|Any CPU
		{1959ACC2-DEA2-456C-94A9-DE4026954D10}.Debug|iPhoneSimulator.Build.0 = Debug|Any CPU
		{1959ACC2-DEA2-456C-94A9-DE4026954D10}.Debug|iPhoneSimulator.Deploy.0 = Debug|Any CPU
		{1959ACC2-DEA2-456C-94A9-DE4026954D10}.Release|Any CPU.ActiveCfg = Release|Any CPU
		{1959ACC2-DEA2-456C-94A9-DE4026954D10}.Release|Any CPU.Build.0 = Release|Any CPU
		{1959ACC2-DEA2-456C-94A9-DE4026954D10}.Release|Any CPU.Deploy.0 = Release|Any CPU
		{1959ACC2-DEA2-456C-94A9-DE4026954D10}.Release|iPhone.ActiveCfg = Release|Any CPU
		{1959ACC2-DEA2-456C-94A9-DE4026954D10}.Release|iPhone.Build.0 = Release|Any CPU
		{1959ACC2-DEA2-456C-94A9-DE4026954D10}.Release|iPhone.Deploy.0 = Release|Any CPU
		{1959ACC2-DEA2-456C-94A9-DE4026954D10}.Release|iPhoneSimulator.ActiveCfg = Release|Any CPU
		{1959ACC2-DEA2-456C-94A9-DE4026954D10}.Release|iPhoneSimulator.Build.0 = Release|Any CPU
		{1959ACC2-DEA2-456C-94A9-DE4026954D10}.Release|iPhoneSimulator.Deploy.0 = Release|Any CPU
	EndGlobalSection
	GlobalSection(SolutionProperties) = preSolution
		HideSolutionNode = FALSE
	EndGlobalSection
	GlobalSection(ExtensibilityGlobals) = postSolution
		SolutionGuid = {2634D2D7-027B-4C69-9E2D-57E47A83D54D}
	EndGlobalSection
EndGlobal
